
Microsoft Visual Studio Solution File, Format Version 12.00
# Visual Studio 15
VisualStudioVersion = 15.0.28307.1433
MinimumVisualStudioVersion = 10.0.40219.1
Project("{F184B08F-C81C-45F6-A57F-5ABD9991F28F}") = "Global Project", "Global Project\Global Project.vbproj", "{BC4C8410-1ED4-41DB-8236-FBE9BD5A715D}"
EndProject
Global
	GlobalSection(SolutionConfigurationPlatforms) = preSolution
		Debug|Any CPU = Debug|Any CPU
		Release|Any CPU = Release|Any CPU
	EndGlobalSection
	GlobalSection(ProjectConfigurationPlatforms) = postSolution
		{BC4C8410-1ED4-41DB-8236-FBE9BD5A715D}.Debug|Any CPU.ActiveCfg = Debug|Any CPU
		{BC4C8410-1ED4-41DB-8236-FBE9BD5A715D}.Debug|Any CPU.Build.0 = Debug|Any CPU
		{BC4C8410-1ED4-41DB-8236-FBE9BD5A715D}.Release|Any CPU.ActiveCfg = Release|Any CPU
		{BC4C8410-1ED4-41DB-8236-FBE9BD5A715D}.Release|Any CPU.Build.0 = Release|Any CPU
	EndGlobalSection
	GlobalSection(SolutionProperties) = preSolution
		HideSolutionNode = FALSE
	EndGlobalSection
	GlobalSection(ExtensibilityGlobals) = postSolution
		SolutionGuid = {CFBEDD7C-4381-4265-AD17-CD1E4352C946}
	EndGlobalSection
EndGlobal
